
Microsoft Visual Studio Solution File, Format Version 12.00
# Visual Studio Version 17
VisualStudioVersion = 17.11.35312.102
MinimumVisualStudioVersion = 10.0.40219.1
Project("{FAE04EC0-301F-11D3-BF4B-00C04F79EFBC}") = "c#test2sum5_Keshika", "c#test2sum5_Keshika\c#test2sum5_Keshika.csproj", "{16120306-B8C7-4F08-9A44-38E7C8AFC295}"
EndProject
Global
	GlobalSection(SolutionConfigurationPlatforms) = preSolution
		Debug|Any CPU = Debug|Any CPU
		Release|Any CPU = Release|Any CPU
	EndGlobalSection
	GlobalSection(ProjectConfigurationPlatforms) = postSolution
		{16120306-B8C7-4F08-9A44-38E7C8AFC295}.Debug|Any CPU.ActiveCfg = Debug|Any CPU
		{16120306-B8C7-4F08-9A44-38E7C8AFC295}.Debug|Any CPU.Build.0 = Debug|Any CPU
		{16120306-B8C7-4F08-9A44-38E7C8AFC295}.Release|Any CPU.ActiveCfg = Release|Any CPU
		{16120306-B8C7-4F08-9A44-38E7C8AFC295}.Release|Any CPU.Build.0 = Release|Any CPU
	EndGlobalSection
	GlobalSection(SolutionProperties) = preSolution
		HideSolutionNode = FALSE
	EndGlobalSection
	GlobalSection(ExtensibilityGlobals) = postSolution
		SolutionGuid = {6C686AA9-5F8E-4C45-814C-8A564DD43C25}
	EndGlobalSection
EndGlobal
