
Microsoft Visual Studio Solution File, Format Version 12.00
# Visual Studio Version 17
VisualStudioVersion = 17.11.35312.102
MinimumVisualStudioVersion = 10.0.40219.1
Project("{FAE04EC0-301F-11D3-BF4B-00C04F79EFBC}") = "solve", "solve\solve.csproj", "{1A42E433-EC5B-49EF-9EBB-EE93AF456B18}"
EndProject
Global
	GlobalSection(SolutionConfigurationPlatforms) = preSolution
		Debug|Any CPU = Debug|Any CPU
		Release|Any CPU = Release|Any CPU
	EndGlobalSection
	GlobalSection(ProjectConfigurationPlatforms) = postSolution
		{1A42E433-EC5B-49EF-9EBB-EE93AF456B18}.Debug|Any CPU.ActiveCfg = Debug|Any CPU
		{1A42E433-EC5B-49EF-9EBB-EE93AF456B18}.Debug|Any CPU.Build.0 = Debug|Any CPU
		{1A42E433-EC5B-49EF-9EBB-EE93AF456B18}.Release|Any CPU.ActiveCfg = Release|Any CPU
		{1A42E433-EC5B-49EF-9EBB-EE93AF456B18}.Release|Any CPU.Build.0 = Release|Any CPU
	EndGlobalSection
	GlobalSection(SolutionProperties) = preSolution
		HideSolutionNode = FALSE
	EndGlobalSection
	GlobalSection(ExtensibilityGlobals) = postSolution
		SolutionGuid = {61748349-AA26-488A-AEF9-EB0B0E3E0117}
	EndGlobalSection
EndGlobal
